
Microsoft Visual Studio Solution File, Format Version 12.00
# Visual Studio Version 17
VisualStudioVersion = 17.3.32825.248
MinimumVisualStudioVersion = 10.0.40219.1
Project("{FAE04EC0-301F-11D3-BF4B-00C04F79EFBC}") = "DemoShoppingWebsite", "DemoShoppingWebsite\DemoShoppingWebsite.csproj", "{8C0AC94E-2897-4B42-9565-C7A242E5A546}"
EndProject
Global
	GlobalSection(SolutionConfigurationPlatforms) = preSolution
		Debug|Any CPU = Debug|Any CPU
		Release|Any CPU = Release|Any CPU
	EndGlobalSection
	GlobalSection(ProjectConfigurationPlatforms) = postSolution
		{8C0AC94E-2897-4B42-9565-C7A242E5A546}.Debug|Any CPU.ActiveCfg = Debug|Any CPU
		{8C0AC94E-2897-4B42-9565-C7A242E5A546}.Debug|Any CPU.Build.0 = Debug|Any CPU
		{8C0AC94E-2897-4B42-9565-C7A242E5A546}.Release|Any CPU.ActiveCfg = Release|Any CPU
		{8C0AC94E-2897-4B42-9565-C7A242E5A546}.Release|Any CPU.Build.0 = Release|Any CPU
	EndGlobalSection
	GlobalSection(SolutionProperties) = preSolution
		HideSolutionNode = FALSE
	EndGlobalSection
	GlobalSection(ExtensibilityGlobals) = postSolution
		SolutionGuid = {FE2E1DE0-BEF4-4D17-BEB9-94994D834A76}
	EndGlobalSection
EndGlobal
